
Microsoft Visual Studio Solution File, Format Version 12.00
# Visual Studio 15
VisualStudioVersion = 15.0.26430.12
MinimumVisualStudioVersion = 10.0.40219.1
Project("{FAE04EC0-301F-11D3-BF4B-00C04F79EFBC}") = "NServiceBus.Metrics.ServiceControl", "NServiceBus.Metrics.ServiceControl.csproj", "{CC765F26-AF71-4DEB-9927-F05A769818D7}"
EndProject
Project("{FAE04EC0-301F-11D3-BF4B-00C04F79EFBC}") = "NServiceBus.Metrics.ServiceControl.Tests", "..\NServiceBus.Metrics.ServiceControl.Tests\NServiceBus.Metrics.ServiceControl.Tests.csproj", "{39BDE927-0868-43EC-AB15-CE5C2FC247FA}"
EndProject
Global
	GlobalSection(SolutionConfigurationPlatforms) = preSolution
		Debug|Any CPU = Debug|Any CPU
		Release|Any CPU = Release|Any CPU
	EndGlobalSection
	GlobalSection(ProjectConfigurationPlatforms) = postSolution
		{CC765F26-AF71-4DEB-9927-F05A769818D7}.Debug|Any CPU.ActiveCfg = Debug|Any CPU
		{CC765F26-AF71-4DEB-9927-F05A769818D7}.Debug|Any CPU.Build.0 = Debug|Any CPU
		{CC765F26-AF71-4DEB-9927-F05A769818D7}.Release|Any CPU.ActiveCfg = Release|Any CPU
		{CC765F26-AF71-4DEB-9927-F05A769818D7}.Release|Any CPU.Build.0 = Release|Any CPU
		{39BDE927-0868-43EC-AB15-CE5C2FC247FA}.Debug|Any CPU.ActiveCfg = Debug|Any CPU
		{39BDE927-0868-43EC-AB15-CE5C2FC247FA}.Debug|Any CPU.Build.0 = Debug|Any CPU
		{39BDE927-0868-43EC-AB15-CE5C2FC247FA}.Release|Any CPU.ActiveCfg = Release|Any CPU
		{39BDE927-0868-43EC-AB15-CE5C2FC247FA}.Release|Any CPU.Build.0 = Release|Any CPU
	EndGlobalSection
	GlobalSection(SolutionProperties) = preSolution
		HideSolutionNode = FALSE
	EndGlobalSection
EndGlobal
